
Microsoft Visual Studio Solution File, Format Version 12.00
# Visual Studio 15
VisualStudioVersion = 15.0.28010.2026
MinimumVisualStudioVersion = 10.0.40219.1
Project("{159641D6-6404-4A2A-AE62-294DE0FE8301}") = "TEST1", "TEST1\TEST1.dtproj", "{299329E1-6219-432F-852E-F5022BCC5265}"
EndProject
Global
	GlobalSection(SolutionConfigurationPlatforms) = preSolution
		Development|Default = Development|Default
	EndGlobalSection
	GlobalSection(ProjectConfigurationPlatforms) = postSolution
		{299329E1-6219-432F-852E-F5022BCC5265}.Development|Default.ActiveCfg = Development
		{299329E1-6219-432F-852E-F5022BCC5265}.Development|Default.Build.0 = Development
	EndGlobalSection
	GlobalSection(SolutionProperties) = preSolution
		HideSolutionNode = FALSE
	EndGlobalSection
	GlobalSection(ExtensibilityGlobals) = postSolution
		SolutionGuid = {AA86EC67-205B-4E71-936C-79F8779BA69B}
	EndGlobalSection
EndGlobal
